# This file was autogenerated by uv via the following command:
#    uv pip compile pyproject.toml --extra yaml --extra api --extra ocr --python-version 3.12 -o requirements-runtime.lock
annotated-doc==0.0.5
    # via fastapi
annotated-types==0.8.0
    # via pydantic
anyio==4.14.2
    # via starlette
click==8.4.2
    # via uvicorn
fastapi==0.141.1
    # via onprem-dlp (pyproject.toml)
h11==0.16.0
    # via uvicorn
idna==3.18
    # via anyio
packaging==26.3
    # via pytesseract
pillow==12.3.0
    # via
    #   onprem-dlp (pyproject.toml)
    #   pytesseract
pydantic==2.13.4
    # via fastapi
pydantic-core==2.46.4
    # via pydantic
pytesseract==0.3.13
    # via onprem-dlp (pyproject.toml)
pyyaml==6.0.3
    # via onprem-dlp (pyproject.toml)
starlette==1.6.0
    # via fastapi
typing-extensions==4.16.0
    # via
    #   anyio
    #   fastapi
    #   pydantic
    #   pydantic-core
    #   starlette
    #   typing-inspection
typing-inspection==0.4.4
    # via
    #   fastapi
    #   pydantic
uvicorn==0.52.3
    # via onprem-dlp (pyproject.toml)
